// !$*UTF8*$!
{
	archiveVersion = 1;
	classes = {
	};
	objectVersion = 50;
	objects = {

/* Begin PBXBuildFile section */
		63AE340F21A7BD83009C7DD0 /* AppDelegate.swift in Sources */ = {isa = PBXBuildFile; fileRef = 63AE340E21A7BD83009C7DD0 /* AppDelegate.swift */; };
		63AE341121A7BD83009C7DD0 /* ViewController.swift in Sources */ = {isa = PBXBuildFile; fileRef = 63AE341021A7BD83009C7DD0 /* ViewController.swift */; };
		63AE341421A7BD83009C7DD0 /* Main.storyboard in Resources */ = {isa = PBXBuildFile; fileRef = 63AE341221A7BD83009C7DD0 /* Main.storyboard */; };
		63AE341621A7BD85009C7DD0 /* Assets.xcassets in Resources */ = {isa = PBXBuildFile; fileRef = 63AE341521A7BD85009C7DD0 /* Assets.xcassets */; };
		63AE341921A7BD85009C7DD0 /* LaunchScreen.storyboard in Resources */ = {isa = PBXBuildFile; fileRef = 63AE341721A7BD85009C7DD0 /* LaunchScreen.storyboard */; };
		63AE342421A7BD85009C7DD0 /* DummyAppTests.swift in Sources */ = {isa = PBXBuildFile; fileRef = 63AE342321A7BD85009C7DD0 /* DummyAppTests.swift */; };
/* End PBXBuildFile section */

/* Begin PBXContainerItemProxy section */
		63AE342021A7BD85009C7DD0 /* PBXContainerItemProxy */ = {
			isa = PBXContainerItemProxy;
			containerPortal = 63AE340321A7BD83009C7DD0 /* Project object */;
			proxyType = 1;
			remoteGlobalIDString = 63AE340A21A7BD83009C7DD0;
			remoteInfo = DummyApp;
		};
/* End PBXContainerItemProxy section */

/* Begin PBXFileReference section */
		63AE340B21A7BD83009C7DD0 /* DummyApp.app */ = {isa = PBXFileReference; explicitFileType = wrapper.application; includeInIndex = 0; path = DummyApp.app; sourceTree = BUILT_PRODUCTS_DIR; };
		63AE340E21A7BD83009C7DD0 /* AppDelegate.swift */ = {isa = PBXFileReference; lastKnownFileType = sourcecode.swift; path = AppDelegate.swift; sourceTree = "<group>"; };
		63AE341021A7BD83009C7DD0 /* ViewController.swift */ = {isa = PBXFileReference; lastKnownFileType = sourcecode.swift; path = ViewController.swift; sourceTree = "<group>"; };
		63AE341321A7BD83009C7DD0 /* Base */ = {isa = PBXFileReference; lastKnownFileType = file.storyboard; name = Base; path = Base.lproj/Main.storyboard; sourceTree = "<group>"; };
		63AE341521A7BD85009C7DD0 /* Assets.xcassets */ = {isa = PBXFileReference; lastKnownFileType = folder.assetcatalog; path = Assets.xcassets; sourceTree = "<group>"; };
		63AE341821A7BD85009C7DD0 /* Base */ = {isa = PBXFileReference; lastKnownFileType = file.storyboard; name = Base; path = Base.lproj/LaunchScreen.storyboard; sourceTree = "<group>"; };
		63AE341A21A7BD85009C7DD0 /* Info.plist */ = {isa = PBXFileReference; lastKnownFileType = text.plist.xml; path = Info.plist; sourceTree = "<group>"; };
		63AE341F21A7BD85009C7DD0 /* DummyAppTests.xctest */ = {isa = PBXFileReference; explicitFileType = wrapper.cfbundle; includeInIndex = 0; path = DummyAppTests.xctest; sourceTree = BUILT_PRODUCTS_DIR; };
		63AE342321A7BD85009C7DD0 /* DummyAppTests.swift */ = {isa = PBXFileReference; lastKnownFileType = sourcecode.swift; path = DummyAppTests.swift; sourceTree = "<group>"; };
		63AE342521A7BD85009C7DD0 /* Info.plist */ = {isa = PBXFileReference; lastKnownFileType = text.plist.xml; path = Info.plist; sourceTree = "<group>"; };
/* End PBXFileReference section */

/* Begin PBXFrameworksBuildPhase section */
		63AE340821A7BD83009C7DD0 /* Frameworks */ = {
			isa = PBXFrameworksBuildPhase;
			buildActionMask = 2147483647;
			files = (
			);
			runOnlyForDeploymentPostprocessing = 0;
		};
		63AE341C21A7BD85009C7DD0 /* Frameworks */ = {
			isa = PBXFrameworksBuildPhase;
			buildActionMask = 2147483647;
			files = (
			);
			runOnlyForDeploymentPostprocessing = 0;
		};
/* End PBXFrameworksBuildPhase section */

/* Begin PBXGroup section */
		63AE340221A7BD83009C7DD0 = {
			isa = PBXGroup;
			children = (
				63AE340D21A7BD83009C7DD0 /* DummyApp */,
				63AE342221A7BD85009C7DD0 /* DummyAppTests */,
				63AE340C21A7BD83009C7DD0 /* Products */,
			);
			sourceTree = "<group>";
		};
		63AE340C21A7BD83009C7DD0 /* Products */ = {
			isa = PBXGroup;
			children = (
				63AE340B21A7BD83009C7DD0 /* DummyApp.app */,
				63AE341F21A7BD85009C7DD0 /* DummyAppTests.xctest */,
			);
			name = Products;
			sourceTree = "<group>";
		};
		63AE340D21A7BD83009C7DD0 /* DummyApp */ = {
			isa = PBXGroup;
			children = (
				63AE340E21A7BD83009C7DD0 /* AppDelegate.swift */,
				63AE341021A7BD83009C7DD0 /* ViewController.swift */,
				63AE341221A7BD83009C7DD0 /* Main.storyboard */,
				63AE341521A7BD85009C7DD0 /* Assets.xcassets */,
				63AE341721A7BD85009C7DD0 /* LaunchScreen.storyboard */,
				63AE341A21A7BD85009C7DD0 /* Info.plist */,
			);
			path = DummyApp;
			sourceTree = "<group>";
		};
		63AE342221A7BD85009C7DD0 /* DummyAppTests */ = {
			isa = PBXGroup;
			children = (
				63AE342321A7BD85009C7DD0 /* DummyAppTests.swift */,
				63AE342521A7BD85009C7DD0 /* Info.plist */,
			);
			path = DummyAppTests;
			sourceTree = "<group>";
		};
/* End PBXGroup section */

/* Begin PBXNativeTarget section */
		63AE340A21A7BD83009C7DD0 /* DummyApp */ = {
			isa = PBXNativeTarget;
			buildConfigurationList = 63AE342821A7BD85009C7DD0 /* Build configuration list for PBXNativeTarget "DummyApp" */;
			buildPhases = (
				63AE340721A7BD83009C7DD0 /* Sources */,
				63AE340821A7BD83009C7DD0 /* Frameworks */,
				63AE340921A7BD83009C7DD0 /* Resources */,
			);
			buildRules = (
			);
			dependencies = (
			);
			name = DummyApp;
			productName = DummyApp;
			productReference = 63AE340B21A7BD83009C7DD0 /* DummyApp.app */;
			productType = "com.apple.product-type.application";
		};
		63AE341E21A7BD85009C7DD0 /* DummyAppTests */ = {
			isa = PBXNativeTarget;
			buildConfigurationList = 63AE342B21A7BD85009C7DD0 /* Build configuration list for PBXNativeTarget "DummyAppTests" */;
			buildPhases = (
				63AE341B21A7BD85009C7DD0 /* Sources */,
				63AE341C21A7BD85009C7DD0 /* Frameworks */,
				63AE341D21A7BD85009C7DD0 /* Resources */,
			);
			buildRules = (
			);
			dependencies = (
				63AE342121A7BD85009C7DD0 /* PBXTargetDependency */,
			);
			name = DummyAppTests;
			productName = DummyAppTests;
			productReference = 63AE341F21A7BD85009C7DD0 /* DummyAppTests.xctest */;
			productType = "com.apple.product-type.bundle.unit-test";
		};
/* End PBXNativeTarget section */

/* Begin PBXProject section */
		63AE340321A7BD83009C7DD0 /* Project object */ = {
			isa = PBXProject;
			attributes = {
				LastSwiftUpdateCheck = 1000;
				LastUpgradeCheck = 1000;
				ORGANIZATIONNAME = "Kevin Galligan";
				TargetAttributes = {
					63AE340A21A7BD83009C7DD0 = {
						CreatedOnToolsVersion = 10.0;
					};
					63AE341E21A7BD85009C7DD0 = {
						CreatedOnToolsVersion = 10.0;
						TestTargetID = 63AE340A21A7BD83009C7DD0;
					};
				};
			};
			buildConfigurationList = 63AE340621A7BD83009C7DD0 /* Build configuration list for PBXProject "DummyApp" */;
			compatibilityVersion = "Xcode 9.3";
			developmentRegion = en;
			hasScannedForEncodings = 0;
			knownRegions = (
				en,
				Base,
			);
			mainGroup = 63AE340221A7BD83009C7DD0;
			productRefGroup = 63AE340C21A7BD83009C7DD0 /* Products */;
			projectDirPath = "";
			projectRoot = "";
			targets = (
				63AE340A21A7BD83009C7DD0 /* DummyApp */,
				63AE341E21A7BD85009C7DD0 /* DummyAppTests */,
			);
		};
/* End PBXProject section */

/* Begin PBXResourcesBuildPhase section */
		63AE340921A7BD83009C7DD0 /* Resources */ = {
			isa = PBXResourcesBuildPhase;
			buildActionMask = 2147483647;
			files = (
				63AE341921A7BD85009C7DD0 /* LaunchScreen.storyboard in Resources */,
				63AE341621A7BD85009C7DD0 /* Assets.xcassets in Resources */,
				63AE341421A7BD83009C7DD0 /* Main.storyboard in Resources */,
			);
			runOnlyForDeploymentPostprocessing = 0;
		};
		63AE341D21A7BD85009C7DD0 /* Resources */ = {
			isa = PBXResourcesBuildPhase;
			buildActionMask = 2147483647;
			files = (
			);
			runOnlyForDeploymentPostprocessing = 0;
		};
/* End PBXResourcesBuildPhase section */

/* Begin PBXSourcesBuildPhase section */
		63AE340721A7BD83009C7DD0 /* Sources */ = {
			isa = PBXSourcesBuildPhase;
			buildActionMask = 2147483647;
			files = (
				63AE341121A7BD83009C7DD0 /* ViewController.swift in Sources */,
				63AE340F21A7BD83009C7DD0 /* AppDelegate.swift in Sources */,
			);
			runOnlyForDeploymentPostprocessing = 0;
		};
		63AE341B21A7BD85009C7DD0 /* Sources */ = {
			isa = PBXSourcesBuildPhase;
			buildActionMask = 2147483647;
			files = (
				63AE342421A7BD85009C7DD0 /* DummyAppTests.swift in Sources */,
			);
			runOnlyForDeploymentPostprocessing = 0;
		};
/* End PBXSourcesBuildPhase section */

/* Begin PBXTargetDependency section */
		63AE342121A7BD85009C7DD0 /* PBXTargetDependency */ = {
			isa = PBXTargetDependency;
			target = 63AE340A21A7BD83009C7DD0 /* DummyApp */;
			targetProxy = 63AE342021A7BD85009C7DD0 /* PBXContainerItemProxy */;
		};
/* End PBXTargetDependency section */

/* Begin PBXVariantGroup section */
		63AE341221A7BD83009C7DD0 /* Main.storyboard */ = {
			isa = PBXVariantGroup;
			children = (
				63AE341321A7BD83009C7DD0 /* Base */,
			);
			name = Main.storyboard;
			sourceTree = "<group>";
		};
		63AE341721A7BD85009C7DD0 /* LaunchScreen.storyboard */ = {
			isa = PBXVariantGroup;
			children = (
				63AE341821A7BD85009C7DD0 /* Base */,
			);
			name = LaunchScreen.storyboard;
			sourceTree = "<group>";
		};
/* End PBXVariantGroup section */

/* Begin XCBuildConfiguration section */
		63AE342621A7BD85009C7DD0 /* Debug */ = {
			isa = XCBuildConfiguration;
			buildSettings = {
				ALWAYS_SEARCH_USER_PATHS = NO;
				CLANG_ANALYZER_NONNULL = YES;
				CLANG_ANALYZER_NUMBER_OBJECT_CONVERSION = YES_AGGRESSIVE;
				CLANG_CXX_LANGUAGE_STANDARD = "gnu++14";
				CLANG_CXX_LIBRARY = "libc++";
				CLANG_ENABLE_MODULES = YES;
				CLANG_ENABLE_OBJC_ARC = YES;
				CLANG_ENABLE_OBJC_WEAK = YES;
				CLANG_WARN_BLOCK_CAPTURE_AUTORELEASING = YES;
				CLANG_WARN_BOOL_CONVERSION = YES;
				CLANG_WARN_COMMA = YES;
				CLANG_WARN_CONSTANT_CONVERSION = YES;
				CLANG_WARN_DEPRECATED_OBJC_IMPLEMENTATIONS = YES;
				CLANG_WARN_DIRECT_OBJC_ISA_USAGE = YES_ERROR;
				CLANG_WARN_DOCUMENTATION_COMMENTS = YES;
				CLANG_WARN_EMPTY_BODY = YES;
				CLANG_WARN_ENUM_CONVERSION = YES;
				CLANG_WARN_INFINITE_RECURSION = YES;
				CLANG_WARN_INT_CONVERSION = YES;
				CLANG_WARN_NON_LITERAL_NULL_CONVERSION = YES;
				CLANG_WARN_OBJC_IMPLICIT_RETAIN_SELF = YES;
				CLANG_WARN_OBJC_LITERAL_CONVERSION = YES;
				CLANG_WARN_OBJC_ROOT_CLASS = YES_ERROR;
				CLANG_WARN_RANGE_LOOP_ANALYSIS = YES;
				CLANG_WARN_STRICT_PROTOTYPES = YES;
				CLANG_WARN_SUSPICIOUS_MOVE = YES;
				CLANG_WARN_UNGUARDED_AVAILABILITY = YES_AGGRESSIVE;
				CLANG_WARN_UNREACHABLE_CODE = YES;
				CLANG_WARN__DUPLICATE_METHOD_MATCH = YES;
				CODE_SIGN_IDENTITY = "iPhone Developer";
				COPY_PHASE_STRIP = NO;
				DEBUG_INFORMATION_FORMAT = dwarf;
				ENABLE_STRICT_OBJC_MSGSEND = YES;
				ENABLE_TESTABILITY = YES;
				GCC_C_LANGUAGE_STANDARD = gnu11;
				GCC_DYNAMIC_NO_PIC = NO;
				GCC_NO_COMMON_BLOCKS = YES;
				GCC_OPTIMIZATION_LEVEL = 0;
				GCC_PREPROCESSOR_DEFINITIONS = (
					"DEBUG=1",
					"$(inherited)",
				);
				GCC_WARN_64_TO_32_BIT_CONVERSION = YES;
				GCC_WARN_ABOUT_RETURN_TYPE = YES_ERROR;
				GCC_WARN_UNDECLARED_SELECTOR = YES;
				GCC_WARN_UNINITIALIZED_AUTOS = YES_AGGRESSIVE;
				GCC_WARN_UNUSED_FUNCTION = YES;
				GCC_WARN_UNUSED_VARIABLE = YES;
				IPHONEOS_DEPLOYMENT_TARGET = 12.0;
				MTL_ENABLE_DEBUG_INFO = INCLUDE_SOURCE;
				MTL_FAST_MATH = YES;
				ONLY_ACTIVE_ARCH = YES;
				SDKROOT = iphoneos;
				SWIFT_ACTIVE_COMPILATION_CONDITIONS = DEBUG;
				SWIFT_OPTIMIZATION_LEVEL = "-Onone";
			};
			name = Debug;
		};
		63AE342721A7BD85009C7DD0 /* Release */ = {
			isa = XCBuildConfiguration;
			buildSettings = {
				ALWAYS_SEARCH_USER_PATHS = NO;
				CLANG_ANALYZER_NONNULL = YES;
				CLANG_ANALYZER_NUMBER_OBJECT_CONVERSION = YES_AGGRESSIVE;
				CLANG_CXX_LANGUAGE_STANDARD = "gnu++14";
				CLANG_CXX_LIBRARY = "libc++";
				CLANG_ENABLE_MODULES = YES;
				CLANG_ENABLE_OBJC_ARC = YES;
				CLANG_ENABLE_OBJC_WEAK = YES;
				CLANG_WARN_BLOCK_CAPTURE_AUTORELEASING = YES;
				CLANG_WARN_BOOL_CONVERSION = YES;
				CLANG_WARN_COMMA = YES;
				CLANG_WARN_CONSTANT_CONVERSION = YES;
				CLANG_WARN_DEPRECATED_OBJC_IMPLEMENTATIONS = YES;
				CLANG_WARN_DIRECT_OBJC_ISA_USAGE = YES_ERROR;
				CLANG_WARN_DOCUMENTATION_COMMENTS = YES;
				CLANG_WARN_EMPTY_BODY = YES;
				CLANG_WARN_ENUM_CONVERSION = YES;
				CLANG_WARN_INFINITE_RECURSION = YES;
				CLANG_WARN_INT_CONVERSION = YES;
				CLANG_WARN_NON_LITERAL_NULL_CONVERSION = YES;
				CLANG_WARN_OBJC_IMPLICIT_RETAIN_SELF = YES;
				CLANG_WARN_OBJC_LITERAL_CONVERSION = YES;
				CLANG_WARN_OBJC_ROOT_CLASS = YES_ERROR;
				CLANG_WARN_RANGE_LOOP_ANALYSIS = YES;
				CLANG_WARN_STRICT_PROTOTYPES = YES;
				CLANG_WARN_SUSPICIOUS_MOVE = YES;
				CLANG_WARN_UNGUARDED_AVAILABILITY = YES_AGGRESSIVE;
				CLANG_WARN_UNREACHABLE_CODE = YES;
				CLANG_WARN__DUPLICATE_METHOD_MATCH = YES;
				CODE_SIGN_IDENTITY = "iPhone Developer";
				COPY_PHASE_STRIP = NO;
				DEBUG_INFORMATION_FORMAT = "dwarf-with-dsym";
				ENABLE_NS_ASSERTIONS = NO;
				ENABLE_STRICT_OBJC_MSGSEND = YES;
				GCC_C_LANGUAGE_STANDARD = gnu11;
				GCC_NO_COMMON_BLOCKS = YES;
				GCC_WARN_64_TO_32_BIT_CONVERSION = YES;
				GCC_WARN_ABOUT_RETURN_TYPE = YES_ERROR;
				GCC_WARN_UNDECLARED_SELECTOR = YES;
				GCC_WARN_UNINITIALIZED_AUTOS = YES_AGGRESSIVE;
				GCC_WARN_UNUSED_FUNCTION = YES;
				GCC_WARN_UNUSED_VARIABLE = YES;
				IPHONEOS_DEPLOYMENT_TARGET = 12.0;
				MTL_ENABLE_DEBUG_INFO = NO;
				MTL_FAST_MATH = YES;
				SDKROOT = iphoneos;
				SWIFT_COMPILATION_MODE = wholemodule;
				SWIFT_OPTIMIZATION_LEVEL = "-O";
				VALIDATE_PRODUCT = YES;
			};
			name = Release;
		};
		63AE342921A7BD85009C7DD0 /* Debug */ = {
			isa = XCBuildConfiguration;
			buildSettings = {
				ASSETCATALOG_COMPILER_APPICON_NAME = AppIcon;
				CODE_SIGN_STYLE = Automatic;
				INFOPLIST_FILE = DummyApp/Info.plist;
				LD_RUNPATH_SEARCH_PATHS = (
					"$(inherited)",
					"@executable_path/Frameworks",
				);
				PRODUCT_BUNDLE_IDENTIFIER = co.touchlab.DummyApp;
				PRODUCT_NAME = "$(TARGET_NAME)";
				SWIFT_VERSION = 4.2;
				TARGETED_DEVICE_FAMILY = "1,2";
			};
			name = Debug;
		};
		63AE342A21A7BD85009C7DD0 /* Release */ = {
			isa = XCBuildConfiguration;
			buildSettings = {
				ASSETCATALOG_COMPILER_APPICON_NAME = AppIcon;
				CODE_SIGN_STYLE = Automatic;
				INFOPLIST_FILE = DummyApp/Info.plist;
				LD_RUNPATH_SEARCH_PATHS = (
					"$(inherited)",
					"@executable_path/Frameworks",
				);
				PRODUCT_BUNDLE_IDENTIFIER = co.touchlab.DummyApp;
				PRODUCT_NAME = "$(TARGET_NAME)";
				SWIFT_VERSION = 4.2;
				TARGETED_DEVICE_FAMILY = "1,2";
			};
			name = Release;
		};
		63AE342C21A7BD85009C7DD0 /* Debug */ = {
			isa = XCBuildConfiguration;
			buildSettings = {
				ALWAYS_EMBED_SWIFT_STANDARD_LIBRARIES = YES;
				BUNDLE_LOADER = "$(TEST_HOST)";
				CODE_SIGN_STYLE = Automatic;
				INFOPLIST_FILE = DummyAppTests/Info.plist;
				LD_RUNPATH_SEARCH_PATHS = (
					"$(inherited)",
					"@executable_path/Frameworks",
					"@loader_path/Frameworks",
				);
				PRODUCT_BUNDLE_IDENTIFIER = co.touchlab.DummyAppTests;
				PRODUCT_NAME = "$(TARGET_NAME)";
				SWIFT_VERSION = 4.2;
				TARGETED_DEVICE_FAMILY = "1,2";
				TEST_HOST = "$(BUILT_PRODUCTS_DIR)/DummyApp.app/DummyApp";
			};
			name = Debug;
		};
		63AE342D21A7BD85009C7DD0 /* Release */ = {
			isa = XCBuildConfiguration;
			buildSettings = {
				ALWAYS_EMBED_SWIFT_STANDARD_LIBRARIES = YES;
				BUNDLE_LOADER = "$(TEST_HOST)";
				CODE_SIGN_STYLE = Automatic;
				INFOPLIST_FILE = DummyAppTests/Info.plist;
				LD_RUNPATH_SEARCH_PATHS = (
					"$(inherited)",
					"@executable_path/Frameworks",
					"@loader_path/Frameworks",
				);
				PRODUCT_BUNDLE_IDENTIFIER = co.touchlab.DummyAppTests;
				PRODUCT_NAME = "$(TARGET_NAME)";
				SWIFT_VERSION = 4.2;
				TARGETED_DEVICE_FAMILY = "1,2";
				TEST_HOST = "$(BUILT_PRODUCTS_DIR)/DummyApp.app/DummyApp";
			};
			name = Release;
		};
/* End XCBuildConfiguration section */

/* Begin XCConfigurationList section */
		63AE340621A7BD83009C7DD0 /* Build configuration list for PBXProject "DummyApp" */ = {
			isa = XCConfigurationList;
			buildConfigurations = (
				63AE342621A7BD85009C7DD0 /* Debug */,
				63AE342721A7BD85009C7DD0 /* Release */,
			);
			defaultConfigurationIsVisible = 0;
			defaultConfigurationName = Release;
		};
		63AE342821A7BD85009C7DD0 /* Build configuration list for PBXNativeTarget "DummyApp" */ = {
			isa = XCConfigurationList;
			buildConfigurations = (
				63AE342921A7BD85009C7DD0 /* Debug */,
				63AE342A21A7BD85009C7DD0 /* Release */,
			);
			defaultConfigurationIsVisible = 0;
			defaultConfigurationName = Release;
		};
		63AE342B21A7BD85009C7DD0 /* Build configuration list for PBXNativeTarget "DummyAppTests" */ = {
			isa = XCConfigurationList;
			buildConfigurations = (
				63AE342C21A7BD85009C7DD0 /* Debug */,
				63AE342D21A7BD85009C7DD0 /* Release */,
			);
			defaultConfigurationIsVisible = 0;
			defaultConfigurationName = Release;
		};
/* End XCConfigurationList section */
	};
	rootObject = 63AE340321A7BD83009C7DD0 /* Project object */;
}
